
Microsoft Visual Studio Solution File, Format Version 12.00
# Visual Studio Version 17
VisualStudioVersion = 17.9.34622.214
MinimumVisualStudioVersion = 10.0.40219.1
Project("{FAE04EC0-301F-11D3-BF4B-00C04F79EFBC}") = "eTickets2", "eTickets2\eTickets2.csproj", "{C4B21D04-CF8B-43EF-8BA7-110F48E21095}"
EndProject
Global
	GlobalSection(SolutionConfigurationPlatforms) = preSolution
		Debug|Any CPU = Debug|Any CPU
		Release|Any CPU = Release|Any CPU
	EndGlobalSection
	GlobalSection(ProjectConfigurationPlatforms) = postSolution
		{C4B21D04-CF8B-43EF-8BA7-110F48E21095}.Debug|Any CPU.ActiveCfg = Debug|Any CPU
		{C4B21D04-CF8B-43EF-8BA7-110F48E21095}.Debug|Any CPU.Build.0 = Debug|Any CPU
		{C4B21D04-CF8B-43EF-8BA7-110F48E21095}.Release|Any CPU.ActiveCfg = Release|Any CPU
		{C4B21D04-CF8B-43EF-8BA7-110F48E21095}.Release|Any CPU.Build.0 = Release|Any CPU
	EndGlobalSection
	GlobalSection(SolutionProperties) = preSolution
		HideSolutionNode = FALSE
	EndGlobalSection
	GlobalSection(ExtensibilityGlobals) = postSolution
		SolutionGuid = {A08D770A-8FD4-4EAF-AC14-4F7806F41D88}
	EndGlobalSection
EndGlobal
